
Microsoft Visual Studio Solution File, Format Version 12.00
# Visual Studio Version 17
VisualStudioVersion = 17.10.35027.167
MinimumVisualStudioVersion = 10.0.40219.1
Project("{2150E333-8FDC-42A3-9474-1A3956D46DE8}") = "src", "src", "{3124D47B-6D88-4828-A5B7-089DFD5682B6}"
EndProject
Project("{2150E333-8FDC-42A3-9474-1A3956D46DE8}") = "tests", "tests", "{47B7F2AB-E944-4625-AF5B-EF9CEDFC0CA6}"
EndProject
Project("{FAE04EC0-301F-11D3-BF4B-00C04F79EFBC}") = "School.API", "src\School.API\School.API.csproj", "{2B109909-77C4-4762-8B52-BEE68A1E52BA}"
EndProject
Project("{FAE04EC0-301F-11D3-BF4B-00C04F79EFBC}") = "School.Core", "src\School.Core\School.Core.csproj", "{B7EF933E-D7C2-406F-8802-07A05D924A40}"
EndProject
Project("{FAE04EC0-301F-11D3-BF4B-00C04F79EFBC}") = "School.DataAccess", "src\School.DataAccess\School.DataAccess.csproj", "{41CCC530-E74E-402C-8C42-7647501ECE1E}"
EndProject
Project("{FAE04EC0-301F-11D3-BF4B-00C04F79EFBC}") = "School.Application", "src\School.Application\School.Application.csproj", "{8073422C-D140-40A9-BB13-EFFAAA75946D}"
EndProject
Project("{FAE04EC0-301F-11D3-BF4B-00C04F79EFBC}") = "School.Shared", "tests\School.Shared\School.Shared.csproj", "{60A15A00-A1F6-441B-BB35-CAE56237604B}"
EndProject
Global
	GlobalSection(SolutionConfigurationPlatforms) = preSolution
		Debug|Any CPU = Debug|Any CPU
		Release|Any CPU = Release|Any CPU
	EndGlobalSection
	GlobalSection(ProjectConfigurationPlatforms) = postSolution
		{2B109909-77C4-4762-8B52-BEE68A1E52BA}.Debug|Any CPU.ActiveCfg = Debug|Any CPU
		{2B109909-77C4-4762-8B52-BEE68A1E52BA}.Debug|Any CPU.Build.0 = Debug|Any CPU
		{2B109909-77C4-4762-8B52-BEE68A1E52BA}.Release|Any CPU.ActiveCfg = Release|Any CPU
		{2B109909-77C4-4762-8B52-BEE68A1E52BA}.Release|Any CPU.Build.0 = Release|Any CPU
		{B7EF933E-D7C2-406F-8802-07A05D924A40}.Debug|Any CPU.ActiveCfg = Debug|Any CPU
		{B7EF933E-D7C2-406F-8802-07A05D924A40}.Debug|Any CPU.Build.0 = Debug|Any CPU
		{B7EF933E-D7C2-406F-8802-07A05D924A40}.Release|Any CPU.ActiveCfg = Release|Any CPU
		{B7EF933E-D7C2-406F-8802-07A05D924A40}.Release|Any CPU.Build.0 = Release|Any CPU
		{41CCC530-E74E-402C-8C42-7647501ECE1E}.Debug|Any CPU.ActiveCfg = Debug|Any CPU
		{41CCC530-E74E-402C-8C42-7647501ECE1E}.Debug|Any CPU.Build.0 = Debug|Any CPU
		{41CCC530-E74E-402C-8C42-7647501ECE1E}.Release|Any CPU.ActiveCfg = Release|Any CPU
		{41CCC530-E74E-402C-8C42-7647501ECE1E}.Release|Any CPU.Build.0 = Release|Any CPU
		{8073422C-D140-40A9-BB13-EFFAAA75946D}.Debug|Any CPU.ActiveCfg = Debug|Any CPU
		{8073422C-D140-40A9-BB13-EFFAAA75946D}.Debug|Any CPU.Build.0 = Debug|Any CPU
		{8073422C-D140-40A9-BB13-EFFAAA75946D}.Release|Any CPU.ActiveCfg = Release|Any CPU
		{8073422C-D140-40A9-BB13-EFFAAA75946D}.Release|Any CPU.Build.0 = Release|Any CPU
		{60A15A00-A1F6-441B-BB35-CAE56237604B}.Debug|Any CPU.ActiveCfg = Debug|Any CPU
		{60A15A00-A1F6-441B-BB35-CAE56237604B}.Debug|Any CPU.Build.0 = Debug|Any CPU
		{60A15A00-A1F6-441B-BB35-CAE56237604B}.Release|Any CPU.ActiveCfg = Release|Any CPU
		{60A15A00-A1F6-441B-BB35-CAE56237604B}.Release|Any CPU.Build.0 = Release|Any CPU
	EndGlobalSection
	GlobalSection(SolutionProperties) = preSolution
		HideSolutionNode = FALSE
	EndGlobalSection
	GlobalSection(NestedProjects) = preSolution
		{2B109909-77C4-4762-8B52-BEE68A1E52BA} = {3124D47B-6D88-4828-A5B7-089DFD5682B6}
		{B7EF933E-D7C2-406F-8802-07A05D924A40} = {3124D47B-6D88-4828-A5B7-089DFD5682B6}
		{41CCC530-E74E-402C-8C42-7647501ECE1E} = {3124D47B-6D88-4828-A5B7-089DFD5682B6}
		{8073422C-D140-40A9-BB13-EFFAAA75946D} = {3124D47B-6D88-4828-A5B7-089DFD5682B6}
		{60A15A00-A1F6-441B-BB35-CAE56237604B} = {47B7F2AB-E944-4625-AF5B-EF9CEDFC0CA6}
	EndGlobalSection
	GlobalSection(ExtensibilityGlobals) = postSolution
		SolutionGuid = {BEE7F6F6-1EEE-426F-958E-4639D4ECB375}
	EndGlobalSection
EndGlobal
